
Microsoft Visual Studio Solution File, Format Version 12.00
# Visual Studio Version 18
VisualStudioVersion = 18.3.11520.95
MinimumVisualStudioVersion = 10.0.40219.1
Project("{FAE04EC0-301F-11D3-BF4B-00C04F79EFBC}") = "MarketMafioso", "MarketMafioso\MarketMafioso.csproj", "{A4B8B8D1-1B1B-4B8B-B1B1-B1B1B1B1B1B1}"
EndProject
Project("{FAE04EC0-301F-11D3-BF4B-00C04F79EFBC}") = "MarketMafioso.Server", "MarketMafioso.Server\MarketMafioso.Server.csproj", "{7FB923CE-7F1C-4F71-987F-40CA9A99CB65}"
EndProject
Project("{FAE04EC0-301F-11D3-BF4B-00C04F79EFBC}") = "MarketMafioso.Server.Tests", "MarketMafioso.Server.Tests\MarketMafioso.Server.Tests.csproj", "{77D7ADB5-0A5F-4C64-A88E-04EEB797F853}"
EndProject
Global
	GlobalSection(SolutionConfigurationPlatforms) = preSolution
		Debug|Any CPU = Debug|Any CPU
		Debug|x64 = Debug|x64
		Debug|x86 = Debug|x86
		Release|Any CPU = Release|Any CPU
		Release|x64 = Release|x64
		Release|x86 = Release|x86
	EndGlobalSection
	GlobalSection(ProjectConfigurationPlatforms) = postSolution
		{A4B8B8D1-1B1B-4B8B-B1B1-B1B1B1B1B1B1}.Debug|Any CPU.ActiveCfg = Debug|Any CPU
		{A4B8B8D1-1B1B-4B8B-B1B1-B1B1B1B1B1B1}.Debug|Any CPU.Build.0 = Debug|Any CPU
		{A4B8B8D1-1B1B-4B8B-B1B1-B1B1B1B1B1B1}.Debug|x64.ActiveCfg = Debug|x64
		{A4B8B8D1-1B1B-4B8B-B1B1-B1B1B1B1B1B1}.Debug|x64.Build.0 = Debug|x64
		{A4B8B8D1-1B1B-4B8B-B1B1-B1B1B1B1B1B1}.Debug|x86.ActiveCfg = Debug|Any CPU
		{A4B8B8D1-1B1B-4B8B-B1B1-B1B1B1B1B1B1}.Debug|x86.Build.0 = Debug|Any CPU
		{A4B8B8D1-1B1B-4B8B-B1B1-B1B1B1B1B1B1}.Release|Any CPU.ActiveCfg = Release|Any CPU
		{A4B8B8D1-1B1B-4B8B-B1B1-B1B1B1B1B1B1}.Release|Any CPU.Build.0 = Release|Any CPU
		{A4B8B8D1-1B1B-4B8B-B1B1-B1B1B1B1B1B1}.Release|x64.ActiveCfg = Release|x64
		{A4B8B8D1-1B1B-4B8B-B1B1-B1B1B1B1B1B1}.Release|x64.Build.0 = Release|x64
		{A4B8B8D1-1B1B-4B8B-B1B1-B1B1B1B1B1B1}.Release|x86.ActiveCfg = Release|Any CPU
		{A4B8B8D1-1B1B-4B8B-B1B1-B1B1B1B1B1B1}.Release|x86.Build.0 = Release|Any CPU
		{7FB923CE-7F1C-4F71-987F-40CA9A99CB65}.Debug|Any CPU.ActiveCfg = Debug|Any CPU
		{7FB923CE-7F1C-4F71-987F-40CA9A99CB65}.Debug|Any CPU.Build.0 = Debug|Any CPU
		{7FB923CE-7F1C-4F71-987F-40CA9A99CB65}.Debug|x64.ActiveCfg = Debug|Any CPU
		{7FB923CE-7F1C-4F71-987F-40CA9A99CB65}.Debug|x64.Build.0 = Debug|Any CPU
		{7FB923CE-7F1C-4F71-987F-40CA9A99CB65}.Debug|x86.ActiveCfg = Debug|Any CPU
		{7FB923CE-7F1C-4F71-987F-40CA9A99CB65}.Debug|x86.Build.0 = Debug|Any CPU
		{7FB923CE-7F1C-4F71-987F-40CA9A99CB65}.Release|Any CPU.ActiveCfg = Release|Any CPU
		{7FB923CE-7F1C-4F71-987F-40CA9A99CB65}.Release|Any CPU.Build.0 = Release|Any CPU
		{7FB923CE-7F1C-4F71-987F-40CA9A99CB65}.Release|x64.ActiveCfg = Release|Any CPU
		{7FB923CE-7F1C-4F71-987F-40CA9A99CB65}.Release|x64.Build.0 = Release|Any CPU
		{7FB923CE-7F1C-4F71-987F-40CA9A99CB65}.Release|x86.ActiveCfg = Release|Any CPU
		{7FB923CE-7F1C-4F71-987F-40CA9A99CB65}.Release|x86.Build.0 = Release|Any CPU
		{77D7ADB5-0A5F-4C64-A88E-04EEB797F853}.Debug|Any CPU.ActiveCfg = Debug|Any CPU
		{77D7ADB5-0A5F-4C64-A88E-04EEB797F853}.Debug|Any CPU.Build.0 = Debug|Any CPU
		{77D7ADB5-0A5F-4C64-A88E-04EEB797F853}.Debug|x64.ActiveCfg = Debug|Any CPU
		{77D7ADB5-0A5F-4C64-A88E-04EEB797F853}.Debug|x64.Build.0 = Debug|Any CPU
		{77D7ADB5-0A5F-4C64-A88E-04EEB797F853}.Debug|x86.ActiveCfg = Debug|Any CPU
		{77D7ADB5-0A5F-4C64-A88E-04EEB797F853}.Debug|x86.Build.0 = Debug|Any CPU
		{77D7ADB5-0A5F-4C64-A88E-04EEB797F853}.Release|Any CPU.ActiveCfg = Release|Any CPU
		{77D7ADB5-0A5F-4C64-A88E-04EEB797F853}.Release|Any CPU.Build.0 = Release|Any CPU
		{77D7ADB5-0A5F-4C64-A88E-04EEB797F853}.Release|x64.ActiveCfg = Release|Any CPU
		{77D7ADB5-0A5F-4C64-A88E-04EEB797F853}.Release|x64.Build.0 = Release|Any CPU
		{77D7ADB5-0A5F-4C64-A88E-04EEB797F853}.Release|x86.ActiveCfg = Release|Any CPU
		{77D7ADB5-0A5F-4C64-A88E-04EEB797F853}.Release|x86.Build.0 = Release|Any CPU
	EndGlobalSection
	GlobalSection(SolutionProperties) = preSolution
		HideSolutionNode = FALSE
	EndGlobalSection
EndGlobal
